
Microsoft Visual Studio Solution File, Format Version 12.00
# Visual Studio Version 17
VisualStudioVersion = 17.1.32328.378
MinimumVisualStudioVersion = 10.0.40219.1
Project("{8BC9CEB8-8B4A-11D0-8D11-00A0C91BC942}") = "techprog_2", "techprog_2.vcxproj", "{57CB6E02-C078-4036-8EF3-02B58D6D5B6A}"
EndProject
Global
	GlobalSection(SolutionConfigurationPlatforms) = preSolution
		Debug|x64 = Debug|x64
		Debug|x86 = Debug|x86
		Release|x64 = Release|x64
		Release|x86 = Release|x86
	EndGlobalSection
	GlobalSection(ProjectConfigurationPlatforms) = postSolution
		{57CB6E02-C078-4036-8EF3-02B58D6D5B6A}.Debug|x64.ActiveCfg = Debug|x64
		{57CB6E02-C078-4036-8EF3-02B58D6D5B6A}.Debug|x64.Build.0 = Debug|x64
		{57CB6E02-C078-4036-8EF3-02B58D6D5B6A}.Debug|x86.ActiveCfg = Debug|Win32
		{57CB6E02-C078-4036-8EF3-02B58D6D5B6A}.Debug|x86.Build.0 = Debug|Win32
		{57CB6E02-C078-4036-8EF3-02B58D6D5B6A}.Release|x64.ActiveCfg = Release|x64
		{57CB6E02-C078-4036-8EF3-02B58D6D5B6A}.Release|x64.Build.0 = Release|x64
		{57CB6E02-C078-4036-8EF3-02B58D6D5B6A}.Release|x86.ActiveCfg = Release|Win32
		{57CB6E02-C078-4036-8EF3-02B58D6D5B6A}.Release|x86.Build.0 = Release|Win32
	EndGlobalSection
	GlobalSection(SolutionProperties) = preSolution
		HideSolutionNode = FALSE
	EndGlobalSection
	GlobalSection(ExtensibilityGlobals) = postSolution
		SolutionGuid = {9E3DBED2-EC09-433C-8D37-C324CA772C03}
	EndGlobalSection
EndGlobal
